// !$*UTF8*$!
{
	archiveVersion = 1;
	classes = {
	};
	objectVersion = 55;
	objects = {

/* Begin PBXBuildFile section */
		B88BAEE827F6DC4B0005E406 /* AppDelegate.swift in Sources */ = {isa = PBXBuildFile; fileRef = B88BAEE727F6DC4B0005E406 /* AppDelegate.swift */; };
		B88BAEEA27F6DC4B0005E406 /* SceneDelegate.swift in Sources */ = {isa = PBXBuildFile; fileRef = B88BAEE927F6DC4B0005E406 /* SceneDelegate.swift */; };
		B88BAEEC27F6DC4B0005E406 /* TableViewController.swift in Sources */ = {isa = PBXBuildFile; fileRef = B88BAEEB27F6DC4B0005E406 /* TableViewController.swift */; };
		B88BAEEF27F6DC4B0005E406 /* Main.storyboard in Resources */ = {isa = PBXBuildFile; fileRef = B88BAEED27F6DC4B0005E406 /* Main.storyboard */; };
		B88BAEF127F6DC730005E406 /* Assets.xcassets in Resources */ = {isa = PBXBuildFile; fileRef = B88BAEF027F6DC730005E406 /* Assets.xcassets */; };
		B88BAEF427F6DC730005E406 /* LaunchScreen.storyboard in Resources */ = {isa = PBXBuildFile; fileRef = B88BAEF227F6DC730005E406 /* LaunchScreen.storyboard */; };
		B88BAEFC27F6DFD70005E406 /* TableViewCell.swift in Sources */ = {isa = PBXBuildFile; fileRef = B88BAEFB27F6DFD70005E406 /* TableViewCell.swift */; };
		B88BAEFE27F6F2970005E406 /* Restaurants.swift in Sources */ = {isa = PBXBuildFile; fileRef = B88BAEFD27F6F2970005E406 /* Restaurants.swift */; };
		B8FD5DCC27FC551800F87A55 /* DetailsViewController.swift in Sources */ = {isa = PBXBuildFile; fileRef = B8FD5DCB27FC551800F87A55 /* DetailsViewController.swift */; };
/* End PBXBuildFile section */

/* Begin PBXFileReference section */
		B88BAEE427F6DC4B0005E406 /* BR Simple.app */ = {isa = PBXFileReference; explicitFileType = wrapper.application; includeInIndex = 0; path = "BR Simple.app"; sourceTree = BUILT_PRODUCTS_DIR; };
		B88BAEE727F6DC4B0005E406 /* AppDelegate.swift */ = {isa = PBXFileReference; lastKnownFileType = sourcecode.swift; path = AppDelegate.swift; sourceTree = "<group>"; };
		B88BAEE927F6DC4B0005E406 /* SceneDelegate.swift */ = {isa = PBXFileReference; lastKnownFileType = sourcecode.swift; path = SceneDelegate.swift; sourceTree = "<group>"; };
		B88BAEEB27F6DC4B0005E406 /* TableViewController.swift */ = {isa = PBXFileReference; lastKnownFileType = sourcecode.swift; path = TableViewController.swift; sourceTree = "<group>"; };
		B88BAEEE27F6DC4B0005E406 /* Base */ = {isa = PBXFileReference; lastKnownFileType = file.storyboard; name = Base; path = Base.lproj/Main.storyboard; sourceTree = "<group>"; };
		B88BAEF027F6DC730005E406 /* Assets.xcassets */ = {isa = PBXFileReference; lastKnownFileType = folder.assetcatalog; path = Assets.xcassets; sourceTree = "<group>"; };
		B88BAEF327F6DC730005E406 /* Base */ = {isa = PBXFileReference; lastKnownFileType = file.storyboard; name = Base; path = Base.lproj/LaunchScreen.storyboard; sourceTree = "<group>"; };
		B88BAEF527F6DC730005E406 /* Info.plist */ = {isa = PBXFileReference; lastKnownFileType = text.plist.xml; path = Info.plist; sourceTree = "<group>"; };
		B88BAEFB27F6DFD70005E406 /* TableViewCell.swift */ = {isa = PBXFileReference; lastKnownFileType = sourcecode.swift; path = TableViewCell.swift; sourceTree = "<group>"; };
		B88BAEFD27F6F2970005E406 /* Restaurants.swift */ = {isa = PBXFileReference; lastKnownFileType = sourcecode.swift; path = Restaurants.swift; sourceTree = "<group>"; };
		B8FD5DCB27FC551800F87A55 /* DetailsViewController.swift */ = {isa = PBXFileReference; lastKnownFileType = sourcecode.swift; path = DetailsViewController.swift; sourceTree = "<group>"; };
/* End PBXFileReference section */

/* Begin PBXFrameworksBuildPhase section */
		B88BAEE127F6DC4B0005E406 /* Frameworks */ = {
			isa = PBXFrameworksBuildPhase;
			buildActionMask = 2147483647;
			files = (
			);
			runOnlyForDeploymentPostprocessing = 0;
		};
/* End PBXFrameworksBuildPhase section */

/* Begin PBXGroup section */
		B88BAEDB27F6DC4B0005E406 = {
			isa = PBXGroup;
			children = (
				B88BAEE627F6DC4B0005E406 /* BR Simple */,
				B88BAEE527F6DC4B0005E406 /* Products */,
			);
			sourceTree = "<group>";
		};
		B88BAEE527F6DC4B0005E406 /* Products */ = {
			isa = PBXGroup;
			children = (
				B88BAEE427F6DC4B0005E406 /* BR Simple.app */,
			);
			name = Products;
			sourceTree = "<group>";
		};
		B88BAEE627F6DC4B0005E406 /* BR Simple */ = {
			isa = PBXGroup;
			children = (
				B88BAEE727F6DC4B0005E406 /* AppDelegate.swift */,
				B88BAEE927F6DC4B0005E406 /* SceneDelegate.swift */,
				B88BAEEB27F6DC4B0005E406 /* TableViewController.swift */,
				B88BAEFB27F6DFD70005E406 /* TableViewCell.swift */,
				B88BAEFD27F6F2970005E406 /* Restaurants.swift */,
				B88BAEED27F6DC4B0005E406 /* Main.storyboard */,
				B8FD5DCB27FC551800F87A55 /* DetailsViewController.swift */,
				B88BAEF027F6DC730005E406 /* Assets.xcassets */,
				B88BAEF227F6DC730005E406 /* LaunchScreen.storyboard */,
				B88BAEF527F6DC730005E406 /* Info.plist */,
			);
			path = "BR Simple";
			sourceTree = "<group>";
		};
/* End PBXGroup section */

/* Begin PBXNativeTarget section */
		B88BAEE327F6DC4B0005E406 /* BR Simple */ = {
			isa = PBXNativeTarget;
			buildConfigurationList = B88BAEF827F6DC730005E406 /* Build configuration list for PBXNativeTarget "BR Simple" */;
			buildPhases = (
				B88BAEE027F6DC4B0005E406 /* Sources */,
				B88BAEE127F6DC4B0005E406 /* Frameworks */,
				B88BAEE227F6DC4B0005E406 /* Resources */,
			);
			buildRules = (
			);
			dependencies = (
			);
			name = "BR Simple";
			productName = "BR Simple";
			productReference = B88BAEE427F6DC4B0005E406 /* BR Simple.app */;
			productType = "com.apple.product-type.application";
		};
/* End PBXNativeTarget section */

/* Begin PBXProject section */
		B88BAEDC27F6DC4B0005E406 /* Project object */ = {
			isa = PBXProject;
			attributes = {
				BuildIndependentTargetsInParallel = 1;
				LastSwiftUpdateCheck = 1330;
				LastUpgradeCheck = 1330;
				TargetAttributes = {
					B88BAEE327F6DC4B0005E406 = {
						CreatedOnToolsVersion = 13.3;
					};
				};
			};
			buildConfigurationList = B88BAEDF27F6DC4B0005E406 /* Build configuration list for PBXProject "BR Simple" */;
			compatibilityVersion = "Xcode 13.0";
			developmentRegion = en;
			hasScannedForEncodings = 0;
			knownRegions = (
				en,
				Base,
			);
			mainGroup = B88BAEDB27F6DC4B0005E406;
			productRefGroup = B88BAEE527F6DC4B0005E406 /* Products */;
			projectDirPath = "";
			projectRoot = "";
			targets = (
				B88BAEE327F6DC4B0005E406 /* BR Simple */,
			);
		};
/* End PBXProject section */

/* Begin PBXResourcesBuildPhase section */
		B88BAEE227F6DC4B0005E406 /* Resources */ = {
			isa = PBXResourcesBuildPhase;
			buildActionMask = 2147483647;
			files = (
				B88BAEF427F6DC730005E406 /* LaunchScreen.storyboard in Resources */,
				B88BAEF127F6DC730005E406 /* Assets.xcassets in Resources */,
				B88BAEEF27F6DC4B0005E406 /* Main.storyboard in Resources */,
			);
			runOnlyForDeploymentPostprocessing = 0;
		};
/* End PBXResourcesBuildPhase section */

/* Begin PBXSourcesBuildPhase section */
		B88BAEE027F6DC4B0005E406 /* Sources */ = {
			isa = PBXSourcesBuildPhase;
			buildActionMask = 2147483647;
			files = (
				B88BAEFE27F6F2970005E406 /* Restaurants.swift in Sources */,
				B88BAEEC27F6DC4B0005E406 /* TableViewController.swift in Sources */,
				B88BAEFC27F6DFD70005E406 /* TableViewCell.swift in Sources */,
				B88BAEE827F6DC4B0005E406 /* AppDelegate.swift in Sources */,
				B88BAEEA27F6DC4B0005E406 /* SceneDelegate.swift in Sources */,
				B8FD5DCC27FC551800F87A55 /* DetailsViewController.swift in Sources */,
			);
			runOnlyForDeploymentPostprocessing = 0;
		};
/* End PBXSourcesBuildPhase section */

/* Begin PBXVariantGroup section */
		B88BAEED27F6DC4B0005E406 /* Main.storyboard */ = {
			isa = PBXVariantGroup;
			children = (
				B88BAEEE27F6DC4B0005E406 /* Base */,
			);
			name = Main.storyboard;
			sourceTree = "<group>";
		};
		B88BAEF227F6DC730005E406 /* LaunchScreen.storyboard */ = {
			isa = PBXVariantGroup;
			children = (
				B88BAEF327F6DC730005E406 /* Base */,
			);
			name = LaunchScreen.storyboard;
			sourceTree = "<group>";
		};
/* End PBXVariantGroup section */

/* Begin XCBuildConfiguration section */
		B88BAEF627F6DC730005E406 /* Debug */ = {
			isa = XCBuildConfiguration;
			buildSettings = {
				ALWAYS_SEARCH_USER_PATHS = NO;
				CLANG_ANALYZER_NONNULL = YES;
				CLANG_ANALYZER_NUMBER_OBJECT_CONVERSION = YES_AGGRESSIVE;
				CLANG_CXX_LANGUAGE_STANDARD = "gnu++17";
				CLANG_ENABLE_MODULES = YES;
				CLANG_ENABLE_OBJC_ARC = YES;
				CLANG_ENABLE_OBJC_WEAK = YES;
				CLANG_WARN_BLOCK_CAPTURE_AUTORELEASING = YES;
				CLANG_WARN_BOOL_CONVERSION = YES;
				CLANG_WARN_COMMA = YES;
				CLANG_WARN_CONSTANT_CONVERSION = YES;
				CLANG_WARN_DEPRECATED_OBJC_IMPLEMENTATIONS = YES;
				CLANG_WARN_DIRECT_OBJC_ISA_USAGE = YES_ERROR;
				CLANG_WARN_DOCUMENTATION_COMMENTS = YES;
				CLANG_WARN_EMPTY_BODY = YES;
				CLANG_WARN_ENUM_CONVERSION = YES;
				CLANG_WARN_INFINITE_RECURSION = YES;
				CLANG_WARN_INT_CONVERSION = YES;
				CLANG_WARN_NON_LITERAL_NULL_CONVERSION = YES;
				CLANG_WARN_OBJC_IMPLICIT_RETAIN_SELF = YES;
				CLANG_WARN_OBJC_LITERAL_CONVERSION = YES;
				CLANG_WARN_OBJC_ROOT_CLASS = YES_ERROR;
				CLANG_WARN_QUOTED_INCLUDE_IN_FRAMEWORK_HEADER = YES;
				CLANG_WARN_RANGE_LOOP_ANALYSIS = YES;
				CLANG_WARN_STRICT_PROTOTYPES = YES;
				CLANG_WARN_SUSPICIOUS_MOVE = YES;
				CLANG_WARN_UNGUARDED_AVAILABILITY = YES_AGGRESSIVE;
				CLANG_WARN_UNREACHABLE_CODE = YES;
				CLANG_WARN__DUPLICATE_METHOD_MATCH = YES;
				COPY_PHASE_STRIP = NO;
				DEBUG_INFORMATION_FORMAT = dwarf;
				ENABLE_STRICT_OBJC_MSGSEND = YES;
				ENABLE_TESTABILITY = YES;
				GCC_C_LANGUAGE_STANDARD = gnu11;
				GCC_DYNAMIC_NO_PIC = NO;
				GCC_NO_COMMON_BLOCKS = YES;
				GCC_OPTIMIZATION_LEVEL = 0;
				GCC_PREPROCESSOR_DEFINITIONS = (
					"DEBUG=1",
					"$(inherited)",
				);
				GCC_WARN_64_TO_32_BIT_CONVERSION = YES;
				GCC_WARN_ABOUT_RETURN_TYPE = YES_ERROR;
				GCC_WARN_UNDECLARED_SELECTOR = YES;
				GCC_WARN_UNINITIALIZED_AUTOS = YES_AGGRESSIVE;
				GCC_WARN_UNUSED_FUNCTION = YES;
				GCC_WARN_UNUSED_VARIABLE = YES;
				IPHONEOS_DEPLOYMENT_TARGET = 15.4;
				MTL_ENABLE_DEBUG_INFO = INCLUDE_SOURCE;
				MTL_FAST_MATH = YES;
				ONLY_ACTIVE_ARCH = YES;
				SDKROOT = iphoneos;
				SWIFT_ACTIVE_COMPILATION_CONDITIONS = DEBUG;
				SWIFT_OPTIMIZATION_LEVEL = "-Onone";
			};
			name = Debug;
		};
		B88BAEF727F6DC730005E406 /* Release */ = {
			isa = XCBuildConfiguration;
			buildSettings = {
				ALWAYS_SEARCH_USER_PATHS = NO;
				CLANG_ANALYZER_NONNULL = YES;
				CLANG_ANALYZER_NUMBER_OBJECT_CONVERSION = YES_AGGRESSIVE;
				CLANG_CXX_LANGUAGE_STANDARD = "gnu++17";
				CLANG_ENABLE_MODULES = YES;
				CLANG_ENABLE_OBJC_ARC = YES;
				CLANG_ENABLE_OBJC_WEAK = YES;
				CLANG_WARN_BLOCK_CAPTURE_AUTORELEASING = YES;
				CLANG_WARN_BOOL_CONVERSION = YES;
				CLANG_WARN_COMMA = YES;
				CLANG_WARN_CONSTANT_CONVERSION = YES;
				CLANG_WARN_DEPRECATED_OBJC_IMPLEMENTATIONS = YES;
				CLANG_WARN_DIRECT_OBJC_ISA_USAGE = YES_ERROR;
				CLANG_WARN_DOCUMENTATION_COMMENTS = YES;
				CLANG_WARN_EMPTY_BODY = YES;
				CLANG_WARN_ENUM_CONVERSION = YES;
				CLANG_WARN_INFINITE_RECURSION = YES;
				CLANG_WARN_INT_CONVERSION = YES;
				CLANG_WARN_NON_LITERAL_NULL_CONVERSION = YES;
				CLANG_WARN_OBJC_IMPLICIT_RETAIN_SELF = YES;
				CLANG_WARN_OBJC_LITERAL_CONVERSION = YES;
				CLANG_WARN_OBJC_ROOT_CLASS = YES_ERROR;
				CLANG_WARN_QUOTED_INCLUDE_IN_FRAMEWORK_HEADER = YES;
				CLANG_WARN_RANGE_LOOP_ANALYSIS = YES;
				CLANG_WARN_STRICT_PROTOTYPES = YES;
				CLANG_WARN_SUSPICIOUS_MOVE = YES;
				CLANG_WARN_UNGUARDED_AVAILABILITY = YES_AGGRESSIVE;
				CLANG_WARN_UNREACHABLE_CODE = YES;
				CLANG_WARN__DUPLICATE_METHOD_MATCH = YES;
				COPY_PHASE_STRIP = NO;
				DEBUG_INFORMATION_FORMAT = "dwarf-with-dsym";
				ENABLE_NS_ASSERTIONS = NO;
				ENABLE_STRICT_OBJC_MSGSEND = YES;
				GCC_C_LANGUAGE_STANDARD = gnu11;
				GCC_NO_COMMON_BLOCKS = YES;
				GCC_WARN_64_TO_32_BIT_CONVERSION = YES;
				GCC_WARN_ABOUT_RETURN_TYPE = YES_ERROR;
				GCC_WARN_UNDECLARED_SELECTOR = YES;
				GCC_WARN_UNINITIALIZED_AUTOS = YES_AGGRESSIVE;
				GCC_WARN_UNUSED_FUNCTION = YES;
				GCC_WARN_UNUSED_VARIABLE = YES;
				IPHONEOS_DEPLOYMENT_TARGET = 15.4;
				MTL_ENABLE_DEBUG_INFO = NO;
				MTL_FAST_MATH = YES;
				SDKROOT = iphoneos;
				SWIFT_COMPILATION_MODE = wholemodule;
				SWIFT_OPTIMIZATION_LEVEL = "-O";
				VALIDATE_PRODUCT = YES;
			};
			name = Release;
		};
		B88BAEF927F6DC730005E406 /* Debug */ = {
			isa = XCBuildConfiguration;
			buildSettings = {
				ASSETCATALOG_COMPILER_APPICON_NAME = AppIcon;
				ASSETCATALOG_COMPILER_GLOBAL_ACCENT_COLOR_NAME = AccentColor;
				CODE_SIGN_STYLE = Automatic;
				CURRENT_PROJECT_VERSION = 1;
				DEVELOPMENT_TEAM = 8L3XM94ZAX;
				GENERATE_INFOPLIST_FILE = YES;
				INFOPLIST_FILE = "BR Simple/Info.plist";
				INFOPLIST_KEY_UIApplicationSupportsIndirectInputEvents = YES;
				INFOPLIST_KEY_UILaunchStoryboardName = LaunchScreen;
				INFOPLIST_KEY_UIMainStoryboardFile = Main;
				INFOPLIST_KEY_UISupportedInterfaceOrientations = UIInterfaceOrientationPortrait;
				INFOPLIST_KEY_UISupportedInterfaceOrientations_iPad = "UIInterfaceOrientationPortrait UIInterfaceOrientationPortraitUpsideDown UIInterfaceOrientationLandscapeLeft UIInterfaceOrientationLandscapeRight";
				INFOPLIST_KEY_UISupportedInterfaceOrientations_iPhone = "UIInterfaceOrientationPortrait UIInterfaceOrientationLandscapeLeft UIInterfaceOrientationLandscapeRight";
				LD_RUNPATH_SEARCH_PATHS = (
					"$(inherited)",
					"@executable_path/Frameworks",
				);
				MARKETING_VERSION = 1.0;
				PRODUCT_BUNDLE_IDENTIFIER = "com.vucjanac.BR-Simple";
				PRODUCT_NAME = "$(TARGET_NAME)";
				SWIFT_EMIT_LOC_STRINGS = YES;
				SWIFT_VERSION = 5.0;
				TARGETED_DEVICE_FAMILY = "1,2";
			};
			name = Debug;
		};
		B88BAEFA27F6DC730005E406 /* Release */ = {
			isa = XCBuildConfiguration;
			buildSettings = {
				ASSETCATALOG_COMPILER_APPICON_NAME = AppIcon;
				ASSETCATALOG_COMPILER_GLOBAL_ACCENT_COLOR_NAME = AccentColor;
				CODE_SIGN_STYLE = Automatic;
				CURRENT_PROJECT_VERSION = 1;
				DEVELOPMENT_TEAM = 8L3XM94ZAX;
				GENERATE_INFOPLIST_FILE = YES;
				INFOPLIST_FILE = "BR Simple/Info.plist";
				INFOPLIST_KEY_UIApplicationSupportsIndirectInputEvents = YES;
				INFOPLIST_KEY_UILaunchStoryboardName = LaunchScreen;
				INFOPLIST_KEY_UIMainStoryboardFile = Main;
				INFOPLIST_KEY_UISupportedInterfaceOrientations = UIInterfaceOrientationPortrait;
				INFOPLIST_KEY_UISupportedInterfaceOrientations_iPad = "UIInterfaceOrientationPortrait UIInterfaceOrientationPortraitUpsideDown UIInterfaceOrientationLandscapeLeft UIInterfaceOrientationLandscapeRight";
				INFOPLIST_KEY_UISupportedInterfaceOrientations_iPhone = "UIInterfaceOrientationPortrait UIInterfaceOrientationLandscapeLeft UIInterfaceOrientationLandscapeRight";
				LD_RUNPATH_SEARCH_PATHS = (
					"$(inherited)",
					"@executable_path/Frameworks",
				);
				MARKETING_VERSION = 1.0;
				PRODUCT_BUNDLE_IDENTIFIER = "com.vucjanac.BR-Simple";
				PRODUCT_NAME = "$(TARGET_NAME)";
				SWIFT_EMIT_LOC_STRINGS = YES;
				SWIFT_VERSION = 5.0;
				TARGETED_DEVICE_FAMILY = "1,2";
			};
			name = Release;
		};
/* End XCBuildConfiguration section */

/* Begin XCConfigurationList section */
		B88BAEDF27F6DC4B0005E406 /* Build configuration list for PBXProject "BR Simple" */ = {
			isa = XCConfigurationList;
			buildConfigurations = (
				B88BAEF627F6DC730005E406 /* Debug */,
				B88BAEF727F6DC730005E406 /* Release */,
			);
			defaultConfigurationIsVisible = 0;
			defaultConfigurationName = Release;
		};
		B88BAEF827F6DC730005E406 /* Build configuration list for PBXNativeTarget "BR Simple" */ = {
			isa = XCConfigurationList;
			buildConfigurations = (
				B88BAEF927F6DC730005E406 /* Debug */,
				B88BAEFA27F6DC730005E406 /* Release */,
			);
			defaultConfigurationIsVisible = 0;
			defaultConfigurationName = Release;
		};
/* End XCConfigurationList section */
	};
	rootObject = B88BAEDC27F6DC4B0005E406 /* Project object */;
}
